
Microsoft Visual Studio Solution File, Format Version 12.00
# Visual Studio 14
VisualStudioVersion = 14.0.25420.1
MinimumVisualStudioVersion = 10.0.40219.1
Project("{FAE04EC0-301F-11D3-BF4B-00C04F79EFBC}") = "ConfiguringDrawingState", "ConfiguringDrawingState\ConfiguringDrawingState.csproj", "{A25401D1-0471-463F-A0FF-E457C3811CF7}"
EndProject
Project("{2150E333-8FDC-42A3-9474-1A3956D46DE8}") = "Solution Items", "Solution Items", "{CE905911-1874-42E6-9A82-DCDB9321DA70}"
	ProjectSection(SolutionItems) = preProject
		.gitignore = .gitignore
		CHANGELOG.md = CHANGELOG.md
		LICENSE.md = LICENSE.md
		push.sh = push.sh
		README.md = README.md
	EndProjectSection
EndProject
Global
	GlobalSection(SolutionConfigurationPlatforms) = preSolution
		Debug|Any CPU = Debug|Any CPU
		Release|Any CPU = Release|Any CPU
	EndGlobalSection
	GlobalSection(ProjectConfigurationPlatforms) = postSolution
		{A25401D1-0471-463F-A0FF-E457C3811CF7}.Debug|Any CPU.ActiveCfg = Debug|Any CPU
		{A25401D1-0471-463F-A0FF-E457C3811CF7}.Debug|Any CPU.Build.0 = Debug|Any CPU
		{A25401D1-0471-463F-A0FF-E457C3811CF7}.Release|Any CPU.ActiveCfg = Release|Any CPU
		{A25401D1-0471-463F-A0FF-E457C3811CF7}.Release|Any CPU.Build.0 = Release|Any CPU
	EndGlobalSection
	GlobalSection(SolutionProperties) = preSolution
		HideSolutionNode = FALSE
	EndGlobalSection
EndGlobal
